
Microsoft Visual Studio Solution File, Format Version 11.00
# Visual Studio 2010
Project("{FAE04EC0-301F-11D3-BF4B-00C04F79EFBC}") = "Assembly-CSharp", "Assembly-CSharp.csproj", "{6CB2C6E4-3F06-6E1A-7047-5CE951DDC22A}"
EndProject
Project("{FAE04EC0-301F-11D3-BF4B-00C04F79EFBC}") = "Assembly-CSharp-Editor", "Assembly-CSharp-Editor.csproj", "{6F17A84E-F414-84E7-0F96-0380050C0758}"
EndProject
Global
	GlobalSection(SolutionConfigurationPlatforms) = preSolution
		Debug|Any CPU = Debug|Any CPU
		Release|Any CPU = Release|Any CPU
	EndGlobalSection
	GlobalSection(ProjectConfigurationPlatforms) = postSolution
		{6CB2C6E4-3F06-6E1A-7047-5CE951DDC22A}.Debug|Any CPU.ActiveCfg = Debug|Any CPU
		{6CB2C6E4-3F06-6E1A-7047-5CE951DDC22A}.Debug|Any CPU.Build.0 = Debug|Any CPU
		{6CB2C6E4-3F06-6E1A-7047-5CE951DDC22A}.Release|Any CPU.ActiveCfg = Release|Any CPU
		{6CB2C6E4-3F06-6E1A-7047-5CE951DDC22A}.Release|Any CPU.Build.0 = Release|Any CPU
		{6F17A84E-F414-84E7-0F96-0380050C0758}.Debug|Any CPU.ActiveCfg = Debug|Any CPU
		{6F17A84E-F414-84E7-0F96-0380050C0758}.Debug|Any CPU.Build.0 = Debug|Any CPU
		{6F17A84E-F414-84E7-0F96-0380050C0758}.Release|Any CPU.ActiveCfg = Release|Any CPU
		{6F17A84E-F414-84E7-0F96-0380050C0758}.Release|Any CPU.Build.0 = Release|Any CPU
	EndGlobalSection
	GlobalSection(SolutionProperties) = preSolution
		HideSolutionNode = FALSE
	EndGlobalSection
EndGlobal
